
Microsoft Visual Studio Solution File, Format Version 12.00
# Visual Studio 15
VisualStudioVersion = 15.0.27703.2042
MinimumVisualStudioVersion = 10.0.40219.1
Project("{9A19103F-16F7-4668-BE54-9A1E7A4F7556}") = "HttpSender", "HttpSender\HttpSender.csproj", "{B3778A94-5DC6-4AE5-8D44-BF80241AEEEB}"
EndProject
Project("{9A19103F-16F7-4668-BE54-9A1E7A4F7556}") = "HttpSender.Test", "HttpSender.Test\HttpSender.Test.csproj", "{942EC1C2-5D58-45E4-9050-B9127F98013F}"
EndProject
Project("{9A19103F-16F7-4668-BE54-9A1E7A4F7556}") = "Performance.Test", "Performance.Test\Performance.Test.csproj", "{3E72A640-4517-4BCB-A606-5BF14703E958}"
EndProject
Global
	GlobalSection(SolutionConfigurationPlatforms) = preSolution
		Debug|Any CPU = Debug|Any CPU
		Release|Any CPU = Release|Any CPU
	EndGlobalSection
	GlobalSection(ProjectConfigurationPlatforms) = postSolution
		{B3778A94-5DC6-4AE5-8D44-BF80241AEEEB}.Debug|Any CPU.ActiveCfg = Debug|Any CPU
		{B3778A94-5DC6-4AE5-8D44-BF80241AEEEB}.Debug|Any CPU.Build.0 = Debug|Any CPU
		{B3778A94-5DC6-4AE5-8D44-BF80241AEEEB}.Release|Any CPU.ActiveCfg = Release|Any CPU
		{B3778A94-5DC6-4AE5-8D44-BF80241AEEEB}.Release|Any CPU.Build.0 = Release|Any CPU
		{942EC1C2-5D58-45E4-9050-B9127F98013F}.Debug|Any CPU.ActiveCfg = Debug|Any CPU
		{942EC1C2-5D58-45E4-9050-B9127F98013F}.Debug|Any CPU.Build.0 = Debug|Any CPU
		{942EC1C2-5D58-45E4-9050-B9127F98013F}.Release|Any CPU.ActiveCfg = Release|Any CPU
		{942EC1C2-5D58-45E4-9050-B9127F98013F}.Release|Any CPU.Build.0 = Release|Any CPU
		{3E72A640-4517-4BCB-A606-5BF14703E958}.Debug|Any CPU.ActiveCfg = Debug|Any CPU
		{3E72A640-4517-4BCB-A606-5BF14703E958}.Debug|Any CPU.Build.0 = Debug|Any CPU
		{3E72A640-4517-4BCB-A606-5BF14703E958}.Release|Any CPU.ActiveCfg = Release|Any CPU
		{3E72A640-4517-4BCB-A606-5BF14703E958}.Release|Any CPU.Build.0 = Release|Any CPU
	EndGlobalSection
	GlobalSection(SolutionProperties) = preSolution
		HideSolutionNode = FALSE
	EndGlobalSection
	GlobalSection(ExtensibilityGlobals) = postSolution
		SolutionGuid = {4A30495A-A06E-457D-ABC8-89BAA0DCFEE3}
	EndGlobalSection
EndGlobal
