
Microsoft Visual Studio Solution File, Format Version 12.00
# Visual Studio 15
VisualStudioVersion = 15.0.27703.2042
MinimumVisualStudioVersion = 10.0.40219.1
Project("{9A19103F-16F7-4668-BE54-9A1E7A4F7556}") = "Http.Messenger", "Http.Messenger\Http.Messenger.csproj", "{6609832E-05E2-4325-92BF-81CA440CB59B}"
EndProject
Project("{FAE04EC0-301F-11D3-BF4B-00C04F79EFBC}") = "Http.Messenger.Test", "Http.Messenger.Test\Http.Messenger.Test.csproj", "{C3BB7439-91A1-4B89-906C-1751DF1C08AA}"
EndProject
Project("{9A19103F-16F7-4668-BE54-9A1E7A4F7556}") = "test.server", "test.server\test.server.csproj", "{9093F109-AB14-4B49-8777-1F32DB155157}"
EndProject
Global
	GlobalSection(SolutionConfigurationPlatforms) = preSolution
		Debug|Any CPU = Debug|Any CPU
		Release|Any CPU = Release|Any CPU
	EndGlobalSection
	GlobalSection(ProjectConfigurationPlatforms) = postSolution
		{6609832E-05E2-4325-92BF-81CA440CB59B}.Debug|Any CPU.ActiveCfg = Debug|Any CPU
		{6609832E-05E2-4325-92BF-81CA440CB59B}.Debug|Any CPU.Build.0 = Debug|Any CPU
		{6609832E-05E2-4325-92BF-81CA440CB59B}.Release|Any CPU.ActiveCfg = Release|Any CPU
		{6609832E-05E2-4325-92BF-81CA440CB59B}.Release|Any CPU.Build.0 = Release|Any CPU
		{C3BB7439-91A1-4B89-906C-1751DF1C08AA}.Debug|Any CPU.ActiveCfg = Debug|Any CPU
		{C3BB7439-91A1-4B89-906C-1751DF1C08AA}.Debug|Any CPU.Build.0 = Debug|Any CPU
		{C3BB7439-91A1-4B89-906C-1751DF1C08AA}.Release|Any CPU.ActiveCfg = Release|Any CPU
		{C3BB7439-91A1-4B89-906C-1751DF1C08AA}.Release|Any CPU.Build.0 = Release|Any CPU
		{9093F109-AB14-4B49-8777-1F32DB155157}.Debug|Any CPU.ActiveCfg = Debug|Any CPU
		{9093F109-AB14-4B49-8777-1F32DB155157}.Debug|Any CPU.Build.0 = Debug|Any CPU
		{9093F109-AB14-4B49-8777-1F32DB155157}.Release|Any CPU.ActiveCfg = Release|Any CPU
		{9093F109-AB14-4B49-8777-1F32DB155157}.Release|Any CPU.Build.0 = Release|Any CPU
	EndGlobalSection
	GlobalSection(SolutionProperties) = preSolution
		HideSolutionNode = FALSE
	EndGlobalSection
	GlobalSection(ExtensibilityGlobals) = postSolution
		SolutionGuid = {4A30495A-A06E-457D-ABC8-89BAA0DCFEE3}
	EndGlobalSection
EndGlobal
